
Microsoft Visual Studio Solution File, Format Version 12.00
# Visual Studio Version 16
VisualStudioVersion = 16.0.30002.166
MinimumVisualStudioVersion = 10.0.40219.1
Project("{FAE04EC0-301F-11D3-BF4B-00C04F79EFBC}") = "WebApplication1", "WebApplication1\WebApplication1.csproj", "{694CCF4E-922B-49B8-B606-1A2E3DF7D2B1}"
EndProject
Global
	GlobalSection(SolutionConfigurationPlatforms) = preSolution
		Debug|Any CPU = Debug|Any CPU
		Release|Any CPU = Release|Any CPU
	EndGlobalSection
	GlobalSection(ProjectConfigurationPlatforms) = postSolution
		{694CCF4E-922B-49B8-B606-1A2E3DF7D2B1}.Debug|Any CPU.ActiveCfg = Debug|Any CPU
		{694CCF4E-922B-49B8-B606-1A2E3DF7D2B1}.Debug|Any CPU.Build.0 = Debug|Any CPU
		{694CCF4E-922B-49B8-B606-1A2E3DF7D2B1}.Release|Any CPU.ActiveCfg = Release|Any CPU
		{694CCF4E-922B-49B8-B606-1A2E3DF7D2B1}.Release|Any CPU.Build.0 = Release|Any CPU
	EndGlobalSection
	GlobalSection(SolutionProperties) = preSolution
		HideSolutionNode = FALSE
	EndGlobalSection
	GlobalSection(ExtensibilityGlobals) = postSolution
		SolutionGuid = {9D335B40-CF19-4B14-8D9E-67F2BB5AB80B}
	EndGlobalSection
EndGlobal
