
Microsoft Visual Studio Solution File, Format Version 12.00
# Visual Studio Version 16
VisualStudioVersion = 16.0.30002.166
MinimumVisualStudioVersion = 10.0.40219.1
Project("{FAE04EC0-301F-11D3-BF4B-00C04F79EFBC}") = "WebApplication1", "WebApplication1\WebApplication1.csproj", "{81162C8D-8A7F-440E-835D-15DAEC4BB197}"
EndProject
Global
	GlobalSection(SolutionConfigurationPlatforms) = preSolution
		Debug|Any CPU = Debug|Any CPU
		Release|Any CPU = Release|Any CPU
	EndGlobalSection
	GlobalSection(ProjectConfigurationPlatforms) = postSolution
		{81162C8D-8A7F-440E-835D-15DAEC4BB197}.Debug|Any CPU.ActiveCfg = Debug|Any CPU
		{81162C8D-8A7F-440E-835D-15DAEC4BB197}.Debug|Any CPU.Build.0 = Debug|Any CPU
		{81162C8D-8A7F-440E-835D-15DAEC4BB197}.Release|Any CPU.ActiveCfg = Release|Any CPU
		{81162C8D-8A7F-440E-835D-15DAEC4BB197}.Release|Any CPU.Build.0 = Release|Any CPU
	EndGlobalSection
	GlobalSection(SolutionProperties) = preSolution
		HideSolutionNode = FALSE
	EndGlobalSection
	GlobalSection(ExtensibilityGlobals) = postSolution
		SolutionGuid = {45F24EE5-234C-4ED7-8433-D45E912B42B4}
	EndGlobalSection
EndGlobal
